// !$*UTF8*$!
{
	archiveVersion = 1;
	classes = {
	};
	objectVersion = 46;
	objects = {

/* Begin PBXBuildFile section */
		F5D40E3619A8C32A00D68651 /* Foundation.framework in Frameworks */ = {isa = PBXBuildFile; fileRef = F5D40E3519A8C32A00D68651 /* Foundation.framework */; };
		F5D40E3819A8C32A00D68651 /* CoreGraphics.framework in Frameworks */ = {isa = PBXBuildFile; fileRef = F5D40E3719A8C32A00D68651 /* CoreGraphics.framework */; };
		F5D40E3A19A8C32A00D68651 /* UIKit.framework in Frameworks */ = {isa = PBXBuildFile; fileRef = F5D40E3919A8C32A00D68651 /* UIKit.framework */; };
		F5D40E4019A8C32A00D68651 /* InfoPlist.strings in Resources */ = {isa = PBXBuildFile; fileRef = F5D40E3E19A8C32A00D68651 /* InfoPlist.strings */; };
		F5D40E4219A8C32A00D68651 /* main.m in Sources */ = {isa = PBXBuildFile; fileRef = F5D40E4119A8C32A00D68651 /* main.m */; };
		F5D40E4619A8C32A00D68651 /* AppDelegate.m in Sources */ = {isa = PBXBuildFile; fileRef = F5D40E4519A8C32A00D68651 /* AppDelegate.m */; };
		F5D40E4819A8C32A00D68651 /* Images.xcassets in Resources */ = {isa = PBXBuildFile; fileRef = F5D40E4719A8C32A00D68651 /* Images.xcassets */; };
		F5D40E4F19A8C32A00D68651 /* XCTest.framework in Frameworks */ = {isa = PBXBuildFile; fileRef = F5D40E4E19A8C32A00D68651 /* XCTest.framework */; };
		F5D40E5019A8C32A00D68651 /* Foundation.framework in Frameworks */ = {isa = PBXBuildFile; fileRef = F5D40E3519A8C32A00D68651 /* Foundation.framework */; };
		F5D40E5119A8C32A00D68651 /* UIKit.framework in Frameworks */ = {isa = PBXBuildFile; fileRef = F5D40E3919A8C32A00D68651 /* UIKit.framework */; };
		F5D40E5919A8C32A00D68651 /* InfoPlist.strings in Resources */ = {isa = PBXBuildFile; fileRef = F5D40E5719A8C32A00D68651 /* InfoPlist.strings */; };
		F5D40E5B19A8C32A00D68651 /* ToDoListTests.m in Sources */ = {isa = PBXBuildFile; fileRef = F5D40E5A19A8C32A00D68651 /* ToDoListTests.m */; };
/* End PBXBuildFile section */

/* Begin PBXContainerItemProxy section */
		F5D40E5219A8C32A00D68651 /* PBXContainerItemProxy */ = {
			isa = PBXContainerItemProxy;
			containerPortal = F5D40E2A19A8C32A00D68651 /* Project object */;
			proxyType = 1;
			remoteGlobalIDString = F5D40E3119A8C32A00D68651;
			remoteInfo = ToDoList;
		};
/* End PBXContainerItemProxy section */

/* Begin PBXFileReference section */
		F5D40E3219A8C32A00D68651 /* ToDoList.app */ = {isa = PBXFileReference; explicitFileType = wrapper.application; includeInIndex = 0; path = ToDoList.app; sourceTree = BUILT_PRODUCTS_DIR; };
		F5D40E3519A8C32A00D68651 /* Foundation.framework */ = {isa = PBXFileReference; lastKnownFileType = wrapper.framework; name = Foundation.framework; path = System/Library/Frameworks/Foundation.framework; sourceTree = SDKROOT; };
		F5D40E3719A8C32A00D68651 /* CoreGraphics.framework */ = {isa = PBXFileReference; lastKnownFileType = wrapper.framework; name = CoreGraphics.framework; path = System/Library/Frameworks/CoreGraphics.framework; sourceTree = SDKROOT; };
		F5D40E3919A8C32A00D68651 /* UIKit.framework */ = {isa = PBXFileReference; lastKnownFileType = wrapper.framework; name = UIKit.framework; path = System/Library/Frameworks/UIKit.framework; sourceTree = SDKROOT; };
		F5D40E3D19A8C32A00D68651 /* ToDoList-Info.plist */ = {isa = PBXFileReference; lastKnownFileType = text.plist.xml; path = "ToDoList-Info.plist"; sourceTree = "<group>"; };
		F5D40E3F19A8C32A00D68651 /* en */ = {isa = PBXFileReference; lastKnownFileType = text.plist.strings; name = en; path = en.lproj/InfoPlist.strings; sourceTree = "<group>"; };
		F5D40E4119A8C32A00D68651 /* main.m */ = {isa = PBXFileReference; lastKnownFileType = sourcecode.c.objc; path = main.m; sourceTree = "<group>"; };
		F5D40E4319A8C32A00D68651 /* ToDoList-Prefix.pch */ = {isa = PBXFileReference; lastKnownFileType = sourcecode.c.h; path = "ToDoList-Prefix.pch"; sourceTree = "<group>"; };
		F5D40E4419A8C32A00D68651 /* AppDelegate.h */ = {isa = PBXFileReference; lastKnownFileType = sourcecode.c.h; path = AppDelegate.h; sourceTree = "<group>"; };
		F5D40E4519A8C32A00D68651 /* AppDelegate.m */ = {isa = PBXFileReference; lastKnownFileType = sourcecode.c.objc; path = AppDelegate.m; sourceTree = "<group>"; };
		F5D40E4719A8C32A00D68651 /* Images.xcassets */ = {isa = PBXFileReference; lastKnownFileType = folder.assetcatalog; path = Images.xcassets; sourceTree = "<group>"; };
		F5D40E4D19A8C32A00D68651 /* ToDoListTests.xctest */ = {isa = PBXFileReference; explicitFileType = wrapper.cfbundle; includeInIndex = 0; path = ToDoListTests.xctest; sourceTree = BUILT_PRODUCTS_DIR; };
		F5D40E4E19A8C32A00D68651 /* XCTest.framework */ = {isa = PBXFileReference; lastKnownFileType = wrapper.framework; name = XCTest.framework; path = Library/Frameworks/XCTest.framework; sourceTree = DEVELOPER_DIR; };
		F5D40E5619A8C32A00D68651 /* ToDoListTests-Info.plist */ = {isa = PBXFileReference; lastKnownFileType = text.plist.xml; path = "ToDoListTests-Info.plist"; sourceTree = "<group>"; };
		F5D40E5819A8C32A00D68651 /* en */ = {isa = PBXFileReference; lastKnownFileType = text.plist.strings; name = en; path = en.lproj/InfoPlist.strings; sourceTree = "<group>"; };
		F5D40E5A19A8C32A00D68651 /* ToDoListTests.m */ = {isa = PBXFileReference; lastKnownFileType = sourcecode.c.objc; path = ToDoListTests.m; sourceTree = "<group>"; };
/* End PBXFileReference section */

/* Begin PBXFrameworksBuildPhase section */
		F5D40E2F19A8C32A00D68651 /* Frameworks */ = {
			isa = PBXFrameworksBuildPhase;
			buildActionMask = 2147483647;
			files = (
				F5D40E3819A8C32A00D68651 /* CoreGraphics.framework in Frameworks */,
				F5D40E3A19A8C32A00D68651 /* UIKit.framework in Frameworks */,
				F5D40E3619A8C32A00D68651 /* Foundation.framework in Frameworks */,
			);
			runOnlyForDeploymentPostprocessing = 0;
		};
		F5D40E4A19A8C32A00D68651 /* Frameworks */ = {
			isa = PBXFrameworksBuildPhase;
			buildActionMask = 2147483647;
			files = (
				F5D40E4F19A8C32A00D68651 /* XCTest.framework in Frameworks */,
				F5D40E5119A8C32A00D68651 /* UIKit.framework in Frameworks */,
				F5D40E5019A8C32A00D68651 /* Foundation.framework in Frameworks */,
			);
			runOnlyForDeploymentPostprocessing = 0;
		};
/* End PBXFrameworksBuildPhase section */

/* Begin PBXGroup section */
		F5D40E2919A8C32A00D68651 = {
			isa = PBXGroup;
			children = (
				F5D40E3B19A8C32A00D68651 /* ToDoList */,
				F5D40E5419A8C32A00D68651 /* ToDoListTests */,
				F5D40E3419A8C32A00D68651 /* Frameworks */,
				F5D40E3319A8C32A00D68651 /* Products */,
			);
			sourceTree = "<group>";
		};
		F5D40E3319A8C32A00D68651 /* Products */ = {
			isa = PBXGroup;
			children = (
				F5D40E3219A8C32A00D68651 /* ToDoList.app */,
				F5D40E4D19A8C32A00D68651 /* ToDoListTests.xctest */,
			);
			name = Products;
			sourceTree = "<group>";
		};
		F5D40E3419A8C32A00D68651 /* Frameworks */ = {
			isa = PBXGroup;
			children = (
				F5D40E3519A8C32A00D68651 /* Foundation.framework */,
				F5D40E3719A8C32A00D68651 /* CoreGraphics.framework */,
				F5D40E3919A8C32A00D68651 /* UIKit.framework */,
				F5D40E4E19A8C32A00D68651 /* XCTest.framework */,
			);
			name = Frameworks;
			sourceTree = "<group>";
		};
		F5D40E3B19A8C32A00D68651 /* ToDoList */ = {
			isa = PBXGroup;
			children = (
				F5D40E4419A8C32A00D68651 /* AppDelegate.h */,
				F5D40E4519A8C32A00D68651 /* AppDelegate.m */,
				F5D40E4719A8C32A00D68651 /* Images.xcassets */,
				F5D40E3C19A8C32A00D68651 /* Supporting Files */,
			);
			path = ToDoList;
			sourceTree = "<group>";
		};
		F5D40E3C19A8C32A00D68651 /* Supporting Files */ = {
			isa = PBXGroup;
			children = (
				F5D40E3D19A8C32A00D68651 /* ToDoList-Info.plist */,
				F5D40E3E19A8C32A00D68651 /* InfoPlist.strings */,
				F5D40E4119A8C32A00D68651 /* main.m */,
				F5D40E4319A8C32A00D68651 /* ToDoList-Prefix.pch */,
			);
			name = "Supporting Files";
			sourceTree = "<group>";
		};
		F5D40E5419A8C32A00D68651 /* ToDoListTests */ = {
			isa = PBXGroup;
			children = (
				F5D40E5A19A8C32A00D68651 /* ToDoListTests.m */,
				F5D40E5519A8C32A00D68651 /* Supporting Files */,
			);
			path = ToDoListTests;
			sourceTree = "<group>";
		};
		F5D40E5519A8C32A00D68651 /* Supporting Files */ = {
			isa = PBXGroup;
			children = (
				F5D40E5619A8C32A00D68651 /* ToDoListTests-Info.plist */,
				F5D40E5719A8C32A00D68651 /* InfoPlist.strings */,
			);
			name = "Supporting Files";
			sourceTree = "<group>";
		};
/* End PBXGroup section */

/* Begin PBXNativeTarget section */
		F5D40E3119A8C32A00D68651 /* ToDoList */ = {
			isa = PBXNativeTarget;
			buildConfigurationList = F5D40E5E19A8C32A00D68651 /* Build configuration list for PBXNativeTarget "ToDoList" */;
			buildPhases = (
				F5D40E2E19A8C32A00D68651 /* Sources */,
				F5D40E2F19A8C32A00D68651 /* Frameworks */,
				F5D40E3019A8C32A00D68651 /* Resources */,
			);
			buildRules = (
			);
			dependencies = (
			);
			name = ToDoList;
			productName = ToDoList;
			productReference = F5D40E3219A8C32A00D68651 /* ToDoList.app */;
			productType = "com.apple.product-type.application";
		};
		F5D40E4C19A8C32A00D68651 /* ToDoListTests */ = {
			isa = PBXNativeTarget;
			buildConfigurationList = F5D40E6119A8C32A00D68651 /* Build configuration list for PBXNativeTarget "ToDoListTests" */;
			buildPhases = (
				F5D40E4919A8C32A00D68651 /* Sources */,
				F5D40E4A19A8C32A00D68651 /* Frameworks */,
				F5D40E4B19A8C32A00D68651 /* Resources */,
			);
			buildRules = (
			);
			dependencies = (
				F5D40E5319A8C32A00D68651 /* PBXTargetDependency */,
			);
			name = ToDoListTests;
			productName = ToDoListTests;
			productReference = F5D40E4D19A8C32A00D68651 /* ToDoListTests.xctest */;
			productType = "com.apple.product-type.bundle.unit-test";
		};
/* End PBXNativeTarget section */

/* Begin PBXProject section */
		F5D40E2A19A8C32A00D68651 /* Project object */ = {
			isa = PBXProject;
			attributes = {
				LastUpgradeCheck = 0510;
				ORGANIZATIONNAME = "wang mark";
				TargetAttributes = {
					F5D40E4C19A8C32A00D68651 = {
						TestTargetID = F5D40E3119A8C32A00D68651;
					};
				};
			};
			buildConfigurationList = F5D40E2D19A8C32A00D68651 /* Build configuration list for PBXProject "ToDoList" */;
			compatibilityVersion = "Xcode 3.2";
			developmentRegion = English;
			hasScannedForEncodings = 0;
			knownRegions = (
				en,
			);
			mainGroup = F5D40E2919A8C32A00D68651;
			productRefGroup = F5D40E3319A8C32A00D68651 /* Products */;
			projectDirPath = "";
			projectRoot = "";
			targets = (
				F5D40E3119A8C32A00D68651 /* ToDoList */,
				F5D40E4C19A8C32A00D68651 /* ToDoListTests */,
			);
		};
/* End PBXProject section */

/* Begin PBXResourcesBuildPhase section */
		F5D40E3019A8C32A00D68651 /* Resources */ = {
			isa = PBXResourcesBuildPhase;
			buildActionMask = 2147483647;
			files = (
				F5D40E4019A8C32A00D68651 /* InfoPlist.strings in Resources */,
				F5D40E4819A8C32A00D68651 /* Images.xcassets in Resources */,
			);
			runOnlyForDeploymentPostprocessing = 0;
		};
		F5D40E4B19A8C32A00D68651 /* Resources */ = {
			isa = PBXResourcesBuildPhase;
			buildActionMask = 2147483647;
			files = (
				F5D40E5919A8C32A00D68651 /* InfoPlist.strings in Resources */,
			);
			runOnlyForDeploymentPostprocessing = 0;
		};
/* End PBXResourcesBuildPhase section */

/* Begin PBXSourcesBuildPhase section */
		F5D40E2E19A8C32A00D68651 /* Sources */ = {
			isa = PBXSourcesBuildPhase;
			buildActionMask = 2147483647;
			files = (
				F5D40E4619A8C32A00D68651 /* AppDelegate.m in Sources */,
				F5D40E4219A8C32A00D68651 /* main.m in Sources */,
			);
			runOnlyForDeploymentPostprocessing = 0;
		};
		F5D40E4919A8C32A00D68651 /* Sources */ = {
			isa = PBXSourcesBuildPhase;
			buildActionMask = 2147483647;
			files = (
				F5D40E5B19A8C32A00D68651 /* ToDoListTests.m in Sources */,
			);
			runOnlyForDeploymentPostprocessing = 0;
		};
/* End PBXSourcesBuildPhase section */

/* Begin PBXTargetDependency section */
		F5D40E5319A8C32A00D68651 /* PBXTargetDependency */ = {
			isa = PBXTargetDependency;
			target = F5D40E3119A8C32A00D68651 /* ToDoList */;
			targetProxy = F5D40E5219A8C32A00D68651 /* PBXContainerItemProxy */;
		};
/* End PBXTargetDependency section */

/* Begin PBXVariantGroup section */
		F5D40E3E19A8C32A00D68651 /* InfoPlist.strings */ = {
			isa = PBXVariantGroup;
			children = (
				F5D40E3F19A8C32A00D68651 /* en */,
			);
			name = InfoPlist.strings;
			sourceTree = "<group>";
		};
		F5D40E5719A8C32A00D68651 /* InfoPlist.strings */ = {
			isa = PBXVariantGroup;
			children = (
				F5D40E5819A8C32A00D68651 /* en */,
			);
			name = InfoPlist.strings;
			sourceTree = "<group>";
		};
/* End PBXVariantGroup section */

/* Begin XCBuildConfiguration section */
		F5D40E5C19A8C32A00D68651 /* Debug */ = {
			isa = XCBuildConfiguration;
			buildSettings = {
				ALWAYS_SEARCH_USER_PATHS = NO;
				CLANG_CXX_LANGUAGE_STANDARD = "gnu++0x";
				CLANG_CXX_LIBRARY = "libc++";
				CLANG_ENABLE_MODULES = YES;
				CLANG_ENABLE_OBJC_ARC = YES;
				CLANG_WARN_BOOL_CONVERSION = YES;
				CLANG_WARN_CONSTANT_CONVERSION = YES;
				CLANG_WARN_DIRECT_OBJC_ISA_USAGE = YES_ERROR;
				CLANG_WARN_EMPTY_BODY = YES;
				CLANG_WARN_ENUM_CONVERSION = YES;
				CLANG_WARN_INT_CONVERSION = YES;
				CLANG_WARN_OBJC_ROOT_CLASS = YES_ERROR;
				CLANG_WARN__DUPLICATE_METHOD_MATCH = YES;
				"CODE_SIGN_IDENTITY[sdk=iphoneos*]" = "iPhone Developer";
				COPY_PHASE_STRIP = NO;
				GCC_C_LANGUAGE_STANDARD = gnu99;
				GCC_DYNAMIC_NO_PIC = NO;
				GCC_OPTIMIZATION_LEVEL = 0;
				GCC_PREPROCESSOR_DEFINITIONS = (
					"DEBUG=1",
					"$(inherited)",
				);
				GCC_SYMBOLS_PRIVATE_EXTERN = NO;
				GCC_WARN_64_TO_32_BIT_CONVERSION = YES;
				GCC_WARN_ABOUT_RETURN_TYPE = YES_ERROR;
				GCC_WARN_UNDECLARED_SELECTOR = YES;
				GCC_WARN_UNINITIALIZED_AUTOS = YES_AGGRESSIVE;
				GCC_WARN_UNUSED_FUNCTION = YES;
				GCC_WARN_UNUSED_VARIABLE = YES;
				IPHONEOS_DEPLOYMENT_TARGET = 7.1;
				ONLY_ACTIVE_ARCH = YES;
				SDKROOT = iphoneos;
			};
			name = Debug;
		};
		F5D40E5D19A8C32A00D68651 /* Release */ = {
			isa = XCBuildConfiguration;
			buildSettings = {
				ALWAYS_SEARCH_USER_PATHS = NO;
				CLANG_CXX_LANGUAGE_STANDARD = "gnu++0x";
				CLANG_CXX_LIBRARY = "libc++";
				CLANG_ENABLE_MODULES = YES;
				CLANG_ENABLE_OBJC_ARC = YES;
				CLANG_WARN_BOOL_CONVERSION = YES;
				CLANG_WARN_CONSTANT_CONVERSION = YES;
				CLANG_WARN_DIRECT_OBJC_ISA_USAGE = YES_ERROR;
				CLANG_WARN_EMPTY_BODY = YES;
				CLANG_WARN_ENUM_CONVERSION = YES;
				CLANG_WARN_INT_CONVERSION = YES;
				CLANG_WARN_OBJC_ROOT_CLASS = YES_ERROR;
				CLANG_WARN__DUPLICATE_METHOD_MATCH = YES;
				"CODE_SIGN_IDENTITY[sdk=iphoneos*]" = "iPhone Developer";
				COPY_PHASE_STRIP = YES;
				ENABLE_NS_ASSERTIONS = NO;
				GCC_C_LANGUAGE_STANDARD = gnu99;
				GCC_WARN_64_TO_32_BIT_CONVERSION = YES;
				GCC_WARN_ABOUT_RETURN_TYPE = YES_ERROR;
				GCC_WARN_UNDECLARED_SELECTOR = YES;
				GCC_WARN_UNINITIALIZED_AUTOS = YES_AGGRESSIVE;
				GCC_WARN_UNUSED_FUNCTION = YES;
				GCC_WARN_UNUSED_VARIABLE = YES;
				IPHONEOS_DEPLOYMENT_TARGET = 7.1;
				SDKROOT = iphoneos;
				VALIDATE_PRODUCT = YES;
			};
			name = Release;
		};
		F5D40E5F19A8C32A00D68651 /* Debug */ = {
			isa = XCBuildConfiguration;
			buildSettings = {
				ASSETCATALOG_COMPILER_APPICON_NAME = AppIcon;
				ASSETCATALOG_COMPILER_LAUNCHIMAGE_NAME = LaunchImage;
				GCC_PRECOMPILE_PREFIX_HEADER = YES;
				GCC_PREFIX_HEADER = "ToDoList/ToDoList-Prefix.pch";
				INFOPLIST_FILE = "ToDoList/ToDoList-Info.plist";
				PRODUCT_NAME = "$(TARGET_NAME)";
				WRAPPER_EXTENSION = app;
			};
			name = Debug;
		};
		F5D40E6019A8C32A00D68651 /* Release */ = {
			isa = XCBuildConfiguration;
			buildSettings = {
				ASSETCATALOG_COMPILER_APPICON_NAME = AppIcon;
				ASSETCATALOG_COMPILER_LAUNCHIMAGE_NAME = LaunchImage;
				GCC_PRECOMPILE_PREFIX_HEADER = YES;
				GCC_PREFIX_HEADER = "ToDoList/ToDoList-Prefix.pch";
				INFOPLIST_FILE = "ToDoList/ToDoList-Info.plist";
				PRODUCT_NAME = "$(TARGET_NAME)";
				WRAPPER_EXTENSION = app;
			};
			name = Release;
		};
		F5D40E6219A8C32A00D68651 /* Debug */ = {
			isa = XCBuildConfiguration;
			buildSettings = {
				BUNDLE_LOADER = "$(BUILT_PRODUCTS_DIR)/ToDoList.app/ToDoList";
				FRAMEWORK_SEARCH_PATHS = (
					"$(SDKROOT)/Developer/Library/Frameworks",
					"$(inherited)",
					"$(DEVELOPER_FRAMEWORKS_DIR)",
				);
				GCC_PRECOMPILE_PREFIX_HEADER = YES;
				GCC_PREFIX_HEADER = "ToDoList/ToDoList-Prefix.pch";
				GCC_PREPROCESSOR_DEFINITIONS = (
					"DEBUG=1",
					"$(inherited)",
				);
				INFOPLIST_FILE = "ToDoListTests/ToDoListTests-Info.plist";
				PRODUCT_NAME = "$(TARGET_NAME)";
				TEST_HOST = "$(BUNDLE_LOADER)";
				WRAPPER_EXTENSION = xctest;
			};
			name = Debug;
		};
		F5D40E6319A8C32A00D68651 /* Release */ = {
			isa = XCBuildConfiguration;
			buildSettings = {
				BUNDLE_LOADER = "$(BUILT_PRODUCTS_DIR)/ToDoList.app/ToDoList";
				FRAMEWORK_SEARCH_PATHS = (
					"$(SDKROOT)/Developer/Library/Frameworks",
					"$(inherited)",
					"$(DEVELOPER_FRAMEWORKS_DIR)",
				);
				GCC_PRECOMPILE_PREFIX_HEADER = YES;
				GCC_PREFIX_HEADER = "ToDoList/ToDoList-Prefix.pch";
				INFOPLIST_FILE = "ToDoListTests/ToDoListTests-Info.plist";
				PRODUCT_NAME = "$(TARGET_NAME)";
				TEST_HOST = "$(BUNDLE_LOADER)";
				WRAPPER_EXTENSION = xctest;
			};
			name = Release;
		};
/* End XCBuildConfiguration section */

/* Begin XCConfigurationList section */
		F5D40E2D19A8C32A00D68651 /* Build configuration list for PBXProject "ToDoList" */ = {
			isa = XCConfigurationList;
			buildConfigurations = (
				F5D40E5C19A8C32A00D68651 /* Debug */,
				F5D40E5D19A8C32A00D68651 /* Release */,
			);
			defaultConfigurationIsVisible = 0;
			defaultConfigurationName = Release;
		};
		F5D40E5E19A8C32A00D68651 /* Build configuration list for PBXNativeTarget "ToDoList" */ = {
			isa = XCConfigurationList;
			buildConfigurations = (
				F5D40E5F19A8C32A00D68651 /* Debug */,
				F5D40E6019A8C32A00D68651 /* Release */,
			);
			defaultConfigurationIsVisible = 0;
		};
		F5D40E6119A8C32A00D68651 /* Build configuration list for PBXNativeTarget "ToDoListTests" */ = {
			isa = XCConfigurationList;
			buildConfigurations = (
				F5D40E6219A8C32A00D68651 /* Debug */,
				F5D40E6319A8C32A00D68651 /* Release */,
			);
			defaultConfigurationIsVisible = 0;
		};
/* End XCConfigurationList section */
	};
	rootObject = F5D40E2A19A8C32A00D68651 /* Project object */;
}
